{
  "name": "cansat-serial",
  "version": "0.0.1",
  "lockfileVersion": 1,
  "requires": true,
  "dependencies": {
    "arraybuffer-to-string": {
      "version": "1.0.2",
      "resolved": "https://registry.npmjs.org/arraybuffer-to-string/-/arraybuffer-to-string-1.0.2.tgz",
      "integrity": "sha512-WbIYlLVmvIAyUBdQRRuyGOJRriOQy9OAsWcyURmsRQp9+g647hdMSS2VFKXbJLVw0daUu06hqwLXm9etVrXI9A=="
    }
  }
}
